
Microsoft Visual Studio Solution File, Format Version 12.00
# Visual Studio Version 16
VisualStudioVersion = 16.0.34729.46
MinimumVisualStudioVersion = 10.0.40219.1
Project("{FAE04EC0-301F-11D3-BF4B-00C04F79EFBC}") = "conexionBD", "conexionBD\conexionBD.csproj", "{2AA6E01E-48E5-457C-8977-05A65B26A263}"
EndProject
Global
	GlobalSection(SolutionConfigurationPlatforms) = preSolution
		Debug|Any CPU = Debug|Any CPU
		Release|Any CPU = Release|Any CPU
	EndGlobalSection
	GlobalSection(ProjectConfigurationPlatforms) = postSolution
		{2AA6E01E-48E5-457C-8977-05A65B26A263}.Debug|Any CPU.ActiveCfg = Debug|Any CPU
		{2AA6E01E-48E5-457C-8977-05A65B26A263}.Debug|Any CPU.Build.0 = Debug|Any CPU
		{2AA6E01E-48E5-457C-8977-05A65B26A263}.Release|Any CPU.ActiveCfg = Release|Any CPU
		{2AA6E01E-48E5-457C-8977-05A65B26A263}.Release|Any CPU.Build.0 = Release|Any CPU
	EndGlobalSection
	GlobalSection(SolutionProperties) = preSolution
		HideSolutionNode = FALSE
	EndGlobalSection
	GlobalSection(ExtensibilityGlobals) = postSolution
		SolutionGuid = {F391C432-5E26-4132-917B-88BF1B6B8564}
	EndGlobalSection
EndGlobal
